
Microsoft Visual Studio Solution File, Format Version 12.00
# Visual Studio Version 16
VisualStudioVersion = 16.0.30523.141
MinimumVisualStudioVersion = 10.0.40219.1
Project("{FAE04EC0-301F-11D3-BF4B-00C04F79EFBC}") = "prueba-docker", "prueba-docker\prueba-docker.csproj", "{67F14311-7BF6-4DBB-9269-4F54540938BF}"
EndProject
Global
	GlobalSection(SolutionConfigurationPlatforms) = preSolution
		Debug|Any CPU = Debug|Any CPU
		Release|Any CPU = Release|Any CPU
	EndGlobalSection
	GlobalSection(ProjectConfigurationPlatforms) = postSolution
		{67F14311-7BF6-4DBB-9269-4F54540938BF}.Debug|Any CPU.ActiveCfg = Debug|Any CPU
		{67F14311-7BF6-4DBB-9269-4F54540938BF}.Debug|Any CPU.Build.0 = Debug|Any CPU
		{67F14311-7BF6-4DBB-9269-4F54540938BF}.Release|Any CPU.ActiveCfg = Release|Any CPU
		{67F14311-7BF6-4DBB-9269-4F54540938BF}.Release|Any CPU.Build.0 = Release|Any CPU
	EndGlobalSection
	GlobalSection(SolutionProperties) = preSolution
		HideSolutionNode = FALSE
	EndGlobalSection
	GlobalSection(ExtensibilityGlobals) = postSolution
		SolutionGuid = {F08A1C97-FEFB-43FC-BB69-03C6C86F67C9}
	EndGlobalSection
EndGlobal
